
Microsoft Visual Studio Solution File, Format Version 12.00
# Visual Studio 14
VisualStudioVersion = 14.0.22310.1
MinimumVisualStudioVersion = 10.0.40219.1
Project("{8BC9CEB8-8B4A-11D0-8D11-00A0C91BC942}") = "Outlier", "Outlier\Outlier.vcxproj", "{EB32CD15-EAB0-41D5-96D2-8192A573521D}"
EndProject
Project("{2150E333-8FDC-42A3-9474-1A3956D46DE8}") = "Solution Items", "Solution Items", "{012B1556-D429-4984-AF70-661FDE87B640}"
	ProjectSection(SolutionItems) = preProject
		README.md = README.md
	EndProjectSection
EndProject
Global
	GlobalSection(SolutionConfigurationPlatforms) = preSolution
		Debug|Win32 = Debug|Win32
		Release|Win32 = Release|Win32
	EndGlobalSection
	GlobalSection(ProjectConfigurationPlatforms) = postSolution
		{EB32CD15-EAB0-41D5-96D2-8192A573521D}.Debug|Win32.ActiveCfg = Debug|Win32
		{EB32CD15-EAB0-41D5-96D2-8192A573521D}.Debug|Win32.Build.0 = Debug|Win32
		{EB32CD15-EAB0-41D5-96D2-8192A573521D}.Release|Win32.ActiveCfg = Release|Win32
		{EB32CD15-EAB0-41D5-96D2-8192A573521D}.Release|Win32.Build.0 = Release|Win32
	EndGlobalSection
	GlobalSection(SolutionProperties) = preSolution
		HideSolutionNode = FALSE
	EndGlobalSection
EndGlobal
